# This file is automatically @generated by Cargo.
# It is not intended for manual editing.
[[package]]
name = "base64"
version = "0.10.1"
source = "registry+https://github.com/rust-lang/crates.io-index"
dependencies = [
 "byteorder 1.2.6 (registry+https://github.com/rust-lang/crates.io-index)",
]

[[package]]
name = "byteorder"
version = "1.2.6"
source = "registry+https://github.com/rust-lang/crates.io-index"

[[package]]
name = "cfg-if"
version = "0.1.10"
source = "registry+https://github.com/rust-lang/crates.io-index"

[[package]]
name = "charset"
version = "0.1.2"
source = "registry+https://github.com/rust-lang/crates.io-index"
dependencies = [
 "base64 0.10.1 (registry+https://github.com/rust-lang/crates.io-index)",
 "encoding_rs 0.8.20 (registry+https://github.com/rust-lang/crates.io-index)",
]

[[package]]
name = "encoding_rs"
version = "0.8.20"
source = "registry+https://github.com/rust-lang/crates.io-index"
dependencies = [
 "cfg-if 0.1.10 (registry+https://github.com/rust-lang/crates.io-index)",
]

[[package]]
name = "mailparse"
version = "0.9.0"
source = "registry+https://github.com/rust-lang/crates.io-index"
dependencies = [
 "base64 0.10.1 (registry+https://github.com/rust-lang/crates.io-index)",
 "charset 0.1.2 (registry+https://github.com/rust-lang/crates.io-index)",
 "quoted_printable 0.4.1 (registry+https://github.com/rust-lang/crates.io-index)",
]

[[package]]
name = "mailparse-bin"
version = "0.1.0"
dependencies = [
 "mailparse 0.9.0 (registry+https://github.com/rust-lang/crates.io-index)",
]

[[package]]
name = "quoted_printable"
version = "0.4.1"
source = "registry+https://github.com/rust-lang/crates.io-index"

[metadata]
"checksum base64 0.10.1 (registry+https://github.com/rust-lang/crates.io-index)" = "0b25d992356d2eb0ed82172f5248873db5560c4721f564b13cb5193bda5e668e"
"checksum byteorder 1.2.6 (registry+https://github.com/rust-lang/crates.io-index)" = "90492c5858dd7d2e78691cfb89f90d273a2800fc11d98f60786e5d87e2f83781"
"checksum cfg-if 0.1.10 (registry+https://github.com/rust-lang/crates.io-index)" = "4785bdd1c96b2a846b2bd7cc02e86b6b3dbf14e7e53446c4f54c92a361040822"
"checksum charset 0.1.2 (registry+https://github.com/rust-lang/crates.io-index)" = "4f426e64df1c3de26cbf44593c6ffff5dbfd43bbf9de0d075058558126b3fc73"
"checksum encoding_rs 0.8.20 (registry+https://github.com/rust-lang/crates.io-index)" = "87240518927716f79692c2ed85bfe6e98196d18c6401ec75355760233a7e12e9"
"checksum mailparse 0.9.0 (registry+https://github.com/rust-lang/crates.io-index)" = "1d51591bae435369c3a908073cba1deb3b4a52e89e2ae733c4b6ae91b901f01d"
"checksum quoted_printable 0.4.1 (registry+https://github.com/rust-lang/crates.io-index)" = "86cedf331228892e747bb85beb130b6bb23fc628c40dde9ea01eb6becea3c798"
